
Microsoft Visual Studio Solution File, Format Version 12.00
# Visual Studio 15
VisualStudioVersion = 15.0.27130.2027
MinimumVisualStudioVersion = 10.0.40219.1
Project("{FAE04EC0-301F-11D3-BF4B-00C04F79EFBC}") = "ReadDeviceToCloudMessages", "ReadDeviceToCloudMessages.csproj", "{04C177ED-A458-4DBC-855E-8AAF1D8C0432}"
EndProject
Global
	GlobalSection(SolutionConfigurationPlatforms) = preSolution
		Debug|Any CPU = Debug|Any CPU
		Release|Any CPU = Release|Any CPU
	EndGlobalSection
	GlobalSection(ProjectConfigurationPlatforms) = postSolution
		{04C177ED-A458-4DBC-855E-8AAF1D8C0432}.Debug|Any CPU.ActiveCfg = Debug|Any CPU
		{04C177ED-A458-4DBC-855E-8AAF1D8C0432}.Debug|Any CPU.Build.0 = Debug|Any CPU
		{04C177ED-A458-4DBC-855E-8AAF1D8C0432}.Release|Any CPU.ActiveCfg = Release|Any CPU
		{04C177ED-A458-4DBC-855E-8AAF1D8C0432}.Release|Any CPU.Build.0 = Release|Any CPU
	EndGlobalSection
	GlobalSection(SolutionProperties) = preSolution
		HideSolutionNode = FALSE
	EndGlobalSection
	GlobalSection(ExtensibilityGlobals) = postSolution
		SolutionGuid = {EEF3A213-F4CC-4D7B-A33C-3728616730D7}
	EndGlobalSection
EndGlobal
